
Microsoft Visual Studio Solution File, Format Version 12.00
# Visual Studio Version 17
VisualStudioVersion = 17.3.32901.215
MinimumVisualStudioVersion = 10.0.40219.1
Project("{FAE04EC0-301F-11D3-BF4B-00C04F79EFBC}") = "Задание 2", "Задание 2\Задание 2.csproj", "{9DEE12D7-7B67-4703-9813-93C524B053BA}"
EndProject
Global
	GlobalSection(SolutionConfigurationPlatforms) = preSolution
		Debug|Any CPU = Debug|Any CPU
		Release|Any CPU = Release|Any CPU
	EndGlobalSection
	GlobalSection(ProjectConfigurationPlatforms) = postSolution
		{9DEE12D7-7B67-4703-9813-93C524B053BA}.Debug|Any CPU.ActiveCfg = Debug|Any CPU
		{9DEE12D7-7B67-4703-9813-93C524B053BA}.Debug|Any CPU.Build.0 = Debug|Any CPU
		{9DEE12D7-7B67-4703-9813-93C524B053BA}.Release|Any CPU.ActiveCfg = Release|Any CPU
		{9DEE12D7-7B67-4703-9813-93C524B053BA}.Release|Any CPU.Build.0 = Release|Any CPU
	EndGlobalSection
	GlobalSection(SolutionProperties) = preSolution
		HideSolutionNode = FALSE
	EndGlobalSection
	GlobalSection(ExtensibilityGlobals) = postSolution
		SolutionGuid = {E62A230F-683C-4A04-A7FA-925B1E0EE6FF}
	EndGlobalSection
EndGlobal
